// !$*UTF8*$!
{
	archiveVersion = 1;
	classes = {
	};
	objectVersion = 50;
	objects = {

/* Begin PBXBuildFile section */
		770F65C1251B139800B94D5D /* AppDelegate.swift in Sources */ = {isa = PBXBuildFile; fileRef = 770F65C0251B139800B94D5D /* AppDelegate.swift */; };
		770F65C3251B139800B94D5D /* SceneDelegate.swift in Sources */ = {isa = PBXBuildFile; fileRef = 770F65C2251B139800B94D5D /* SceneDelegate.swift */; };
		770F65C5251B139800B94D5D /* ViewController.swift in Sources */ = {isa = PBXBuildFile; fileRef = 770F65C4251B139800B94D5D /* ViewController.swift */; };
		770F65C8251B139800B94D5D /* Main.storyboard in Resources */ = {isa = PBXBuildFile; fileRef = 770F65C6251B139800B94D5D /* Main.storyboard */; };
		770F65CA251B139A00B94D5D /* Assets.xcassets in Resources */ = {isa = PBXBuildFile; fileRef = 770F65C9251B139A00B94D5D /* Assets.xcassets */; };
		770F65CD251B139A00B94D5D /* LaunchScreen.storyboard in Resources */ = {isa = PBXBuildFile; fileRef = 770F65CB251B139A00B94D5D /* LaunchScreen.storyboard */; };
		770F65D7251B141700B94D5D /* EncryptedText.swift in Sources */ = {isa = PBXBuildFile; fileRef = 770F65D6251B141700B94D5D /* EncryptedText.swift */; };
/* End PBXBuildFile section */

/* Begin PBXFileReference section */
		770F65BD251B139800B94D5D /* decrypt.app */ = {isa = PBXFileReference; explicitFileType = wrapper.application; includeInIndex = 0; path = decrypt.app; sourceTree = BUILT_PRODUCTS_DIR; };
		770F65C0251B139800B94D5D /* AppDelegate.swift */ = {isa = PBXFileReference; lastKnownFileType = sourcecode.swift; path = AppDelegate.swift; sourceTree = "<group>"; };
		770F65C2251B139800B94D5D /* SceneDelegate.swift */ = {isa = PBXFileReference; lastKnownFileType = sourcecode.swift; path = SceneDelegate.swift; sourceTree = "<group>"; };
		770F65C4251B139800B94D5D /* ViewController.swift */ = {isa = PBXFileReference; lastKnownFileType = sourcecode.swift; path = ViewController.swift; sourceTree = "<group>"; };
		770F65C7251B139800B94D5D /* Base */ = {isa = PBXFileReference; lastKnownFileType = file.storyboard; name = Base; path = Base.lproj/Main.storyboard; sourceTree = "<group>"; };
		770F65C9251B139A00B94D5D /* Assets.xcassets */ = {isa = PBXFileReference; lastKnownFileType = folder.assetcatalog; path = Assets.xcassets; sourceTree = "<group>"; };
		770F65CC251B139A00B94D5D /* Base */ = {isa = PBXFileReference; lastKnownFileType = file.storyboard; name = Base; path = Base.lproj/LaunchScreen.storyboard; sourceTree = "<group>"; };
		770F65CE251B139A00B94D5D /* Info.plist */ = {isa = PBXFileReference; lastKnownFileType = text.plist.xml; path = Info.plist; sourceTree = "<group>"; };
		770F65D6251B141700B94D5D /* EncryptedText.swift */ = {isa = PBXFileReference; lastKnownFileType = sourcecode.swift; path = EncryptedText.swift; sourceTree = "<group>"; };
/* End PBXFileReference section */

/* Begin PBXFrameworksBuildPhase section */
		770F65BA251B139800B94D5D /* Frameworks */ = {
			isa = PBXFrameworksBuildPhase;
			buildActionMask = 2147483647;
			files = (
			);
			runOnlyForDeploymentPostprocessing = 0;
		};
/* End PBXFrameworksBuildPhase section */

/* Begin PBXGroup section */
		770F65B4251B139800B94D5D = {
			isa = PBXGroup;
			children = (
				770F65BF251B139800B94D5D /* decrypt */,
				770F65BE251B139800B94D5D /* Products */,
			);
			sourceTree = "<group>";
		};
		770F65BE251B139800B94D5D /* Products */ = {
			isa = PBXGroup;
			children = (
				770F65BD251B139800B94D5D /* decrypt.app */,
			);
			name = Products;
			sourceTree = "<group>";
		};
		770F65BF251B139800B94D5D /* decrypt */ = {
			isa = PBXGroup;
			children = (
				770F65D9251B173400B94D5D /* Utils */,
				770F65C4251B139800B94D5D /* ViewController.swift */,
				770F65C6251B139800B94D5D /* Main.storyboard */,
				770F65C9251B139A00B94D5D /* Assets.xcassets */,
				770F65CE251B139A00B94D5D /* Info.plist */,
				770F65D6251B141700B94D5D /* EncryptedText.swift */,
			);
			path = decrypt;
			sourceTree = "<group>";
		};
		770F65D9251B173400B94D5D /* Utils */ = {
			isa = PBXGroup;
			children = (
				770F65C2251B139800B94D5D /* SceneDelegate.swift */,
				770F65C0251B139800B94D5D /* AppDelegate.swift */,
				770F65CB251B139A00B94D5D /* LaunchScreen.storyboard */,
			);
			path = Utils;
			sourceTree = "<group>";
		};
/* End PBXGroup section */

/* Begin PBXNativeTarget section */
		770F65BC251B139800B94D5D /* decrypt */ = {
			isa = PBXNativeTarget;
			buildConfigurationList = 770F65D1251B139A00B94D5D /* Build configuration list for PBXNativeTarget "decrypt" */;
			buildPhases = (
				770F65B9251B139800B94D5D /* Sources */,
				770F65BA251B139800B94D5D /* Frameworks */,
				770F65BB251B139800B94D5D /* Resources */,
			);
			buildRules = (
			);
			dependencies = (
			);
			name = decrypt;
			productName = decrypt;
			productReference = 770F65BD251B139800B94D5D /* decrypt.app */;
			productType = "com.apple.product-type.application";
		};
/* End PBXNativeTarget section */

/* Begin PBXProject section */
		770F65B5251B139800B94D5D /* Project object */ = {
			isa = PBXProject;
			attributes = {
				LastSwiftUpdateCheck = 1200;
				LastUpgradeCheck = 1200;
				TargetAttributes = {
					770F65BC251B139800B94D5D = {
						CreatedOnToolsVersion = 12.0;
					};
				};
			};
			buildConfigurationList = 770F65B8251B139800B94D5D /* Build configuration list for PBXProject "decrypt" */;
			compatibilityVersion = "Xcode 9.3";
			developmentRegion = en;
			hasScannedForEncodings = 0;
			knownRegions = (
				en,
				Base,
			);
			mainGroup = 770F65B4251B139800B94D5D;
			productRefGroup = 770F65BE251B139800B94D5D /* Products */;
			projectDirPath = "";
			projectRoot = "";
			targets = (
				770F65BC251B139800B94D5D /* decrypt */,
			);
		};
/* End PBXProject section */

/* Begin PBXResourcesBuildPhase section */
		770F65BB251B139800B94D5D /* Resources */ = {
			isa = PBXResourcesBuildPhase;
			buildActionMask = 2147483647;
			files = (
				770F65CD251B139A00B94D5D /* LaunchScreen.storyboard in Resources */,
				770F65CA251B139A00B94D5D /* Assets.xcassets in Resources */,
				770F65C8251B139800B94D5D /* Main.storyboard in Resources */,
			);
			runOnlyForDeploymentPostprocessing = 0;
		};
/* End PBXResourcesBuildPhase section */

/* Begin PBXSourcesBuildPhase section */
		770F65B9251B139800B94D5D /* Sources */ = {
			isa = PBXSourcesBuildPhase;
			buildActionMask = 2147483647;
			files = (
				770F65C5251B139800B94D5D /* ViewController.swift in Sources */,
				770F65D7251B141700B94D5D /* EncryptedText.swift in Sources */,
				770F65C1251B139800B94D5D /* AppDelegate.swift in Sources */,
				770F65C3251B139800B94D5D /* SceneDelegate.swift in Sources */,
			);
			runOnlyForDeploymentPostprocessing = 0;
		};
/* End PBXSourcesBuildPhase section */

/* Begin PBXVariantGroup section */
		770F65C6251B139800B94D5D /* Main.storyboard */ = {
			isa = PBXVariantGroup;
			children = (
				770F65C7251B139800B94D5D /* Base */,
			);
			name = Main.storyboard;
			sourceTree = "<group>";
		};
		770F65CB251B139A00B94D5D /* LaunchScreen.storyboard */ = {
			isa = PBXVariantGroup;
			children = (
				770F65CC251B139A00B94D5D /* Base */,
			);
			name = LaunchScreen.storyboard;
			sourceTree = "<group>";
		};
/* End PBXVariantGroup section */

/* Begin XCBuildConfiguration section */
		770F65CF251B139A00B94D5D /* Debug */ = {
			isa = XCBuildConfiguration;
			buildSettings = {
				ALWAYS_SEARCH_USER_PATHS = NO;
				CLANG_ANALYZER_NONNULL = YES;
				CLANG_ANALYZER_NUMBER_OBJECT_CONVERSION = YES_AGGRESSIVE;
				CLANG_CXX_LANGUAGE_STANDARD = "gnu++14";
				CLANG_CXX_LIBRARY = "libc++";
				CLANG_ENABLE_MODULES = YES;
				CLANG_ENABLE_OBJC_ARC = YES;
				CLANG_ENABLE_OBJC_WEAK = YES;
				CLANG_WARN_BLOCK_CAPTURE_AUTORELEASING = YES;
				CLANG_WARN_BOOL_CONVERSION = YES;
				CLANG_WARN_COMMA = YES;
				CLANG_WARN_CONSTANT_CONVERSION = YES;
				CLANG_WARN_DEPRECATED_OBJC_IMPLEMENTATIONS = YES;
				CLANG_WARN_DIRECT_OBJC_ISA_USAGE = YES_ERROR;
				CLANG_WARN_DOCUMENTATION_COMMENTS = YES;
				CLANG_WARN_EMPTY_BODY = YES;
				CLANG_WARN_ENUM_CONVERSION = YES;
				CLANG_WARN_INFINITE_RECURSION = YES;
				CLANG_WARN_INT_CONVERSION = YES;
				CLANG_WARN_NON_LITERAL_NULL_CONVERSION = YES;
				CLANG_WARN_OBJC_IMPLICIT_RETAIN_SELF = YES;
				CLANG_WARN_OBJC_LITERAL_CONVERSION = YES;
				CLANG_WARN_OBJC_ROOT_CLASS = YES_ERROR;
				CLANG_WARN_QUOTED_INCLUDE_IN_FRAMEWORK_HEADER = YES;
				CLANG_WARN_RANGE_LOOP_ANALYSIS = YES;
				CLANG_WARN_STRICT_PROTOTYPES = YES;
				CLANG_WARN_SUSPICIOUS_MOVE = YES;
				CLANG_WARN_UNGUARDED_AVAILABILITY = YES_AGGRESSIVE;
				CLANG_WARN_UNREACHABLE_CODE = YES;
				CLANG_WARN__DUPLICATE_METHOD_MATCH = YES;
				COPY_PHASE_STRIP = NO;
				DEBUG_INFORMATION_FORMAT = dwarf;
				ENABLE_STRICT_OBJC_MSGSEND = YES;
				ENABLE_TESTABILITY = YES;
				GCC_C_LANGUAGE_STANDARD = gnu11;
				GCC_DYNAMIC_NO_PIC = NO;
				GCC_NO_COMMON_BLOCKS = YES;
				GCC_OPTIMIZATION_LEVEL = 0;
				GCC_PREPROCESSOR_DEFINITIONS = (
					"DEBUG=1",
					"$(inherited)",
				);
				GCC_WARN_64_TO_32_BIT_CONVERSION = YES;
				GCC_WARN_ABOUT_RETURN_TYPE = YES_ERROR;
				GCC_WARN_UNDECLARED_SELECTOR = YES;
				GCC_WARN_UNINITIALIZED_AUTOS = YES_AGGRESSIVE;
				GCC_WARN_UNUSED_FUNCTION = YES;
				GCC_WARN_UNUSED_VARIABLE = YES;
				IPHONEOS_DEPLOYMENT_TARGET = 14.0;
				MTL_ENABLE_DEBUG_INFO = INCLUDE_SOURCE;
				MTL_FAST_MATH = YES;
				ONLY_ACTIVE_ARCH = YES;
				SDKROOT = iphoneos;
				SWIFT_ACTIVE_COMPILATION_CONDITIONS = DEBUG;
				SWIFT_OPTIMIZATION_LEVEL = "-Onone";
			};
			name = Debug;
		};
		770F65D0251B139A00B94D5D /* Release */ = {
			isa = XCBuildConfiguration;
			buildSettings = {
				ALWAYS_SEARCH_USER_PATHS = NO;
				CLANG_ANALYZER_NONNULL = YES;
				CLANG_ANALYZER_NUMBER_OBJECT_CONVERSION = YES_AGGRESSIVE;
				CLANG_CXX_LANGUAGE_STANDARD = "gnu++14";
				CLANG_CXX_LIBRARY = "libc++";
				CLANG_ENABLE_MODULES = YES;
				CLANG_ENABLE_OBJC_ARC = YES;
				CLANG_ENABLE_OBJC_WEAK = YES;
				CLANG_WARN_BLOCK_CAPTURE_AUTORELEASING = YES;
				CLANG_WARN_BOOL_CONVERSION = YES;
				CLANG_WARN_COMMA = YES;
				CLANG_WARN_CONSTANT_CONVERSION = YES;
				CLANG_WARN_DEPRECATED_OBJC_IMPLEMENTATIONS = YES;
				CLANG_WARN_DIRECT_OBJC_ISA_USAGE = YES_ERROR;
				CLANG_WARN_DOCUMENTATION_COMMENTS = YES;
				CLANG_WARN_EMPTY_BODY = YES;
				CLANG_WARN_ENUM_CONVERSION = YES;
				CLANG_WARN_INFINITE_RECURSION = YES;
				CLANG_WARN_INT_CONVERSION = YES;
				CLANG_WARN_NON_LITERAL_NULL_CONVERSION = YES;
				CLANG_WARN_OBJC_IMPLICIT_RETAIN_SELF = YES;
				CLANG_WARN_OBJC_LITERAL_CONVERSION = YES;
				CLANG_WARN_OBJC_ROOT_CLASS = YES_ERROR;
				CLANG_WARN_QUOTED_INCLUDE_IN_FRAMEWORK_HEADER = YES;
				CLANG_WARN_RANGE_LOOP_ANALYSIS = YES;
				CLANG_WARN_STRICT_PROTOTYPES = YES;
				CLANG_WARN_SUSPICIOUS_MOVE = YES;
				CLANG_WARN_UNGUARDED_AVAILABILITY = YES_AGGRESSIVE;
				CLANG_WARN_UNREACHABLE_CODE = YES;
				CLANG_WARN__DUPLICATE_METHOD_MATCH = YES;
				COPY_PHASE_STRIP = NO;
				DEBUG_INFORMATION_FORMAT = "dwarf-with-dsym";
				ENABLE_NS_ASSERTIONS = NO;
				ENABLE_STRICT_OBJC_MSGSEND = YES;
				GCC_C_LANGUAGE_STANDARD = gnu11;
				GCC_NO_COMMON_BLOCKS = YES;
				GCC_WARN_64_TO_32_BIT_CONVERSION = YES;
				GCC_WARN_ABOUT_RETURN_TYPE = YES_ERROR;
				GCC_WARN_UNDECLARED_SELECTOR = YES;
				GCC_WARN_UNINITIALIZED_AUTOS = YES_AGGRESSIVE;
				GCC_WARN_UNUSED_FUNCTION = YES;
				GCC_WARN_UNUSED_VARIABLE = YES;
				IPHONEOS_DEPLOYMENT_TARGET = 14.0;
				MTL_ENABLE_DEBUG_INFO = NO;
				MTL_FAST_MATH = YES;
				SDKROOT = iphoneos;
				SWIFT_COMPILATION_MODE = wholemodule;
				SWIFT_OPTIMIZATION_LEVEL = "-O";
				VALIDATE_PRODUCT = YES;
			};
			name = Release;
		};
		770F65D2251B139A00B94D5D /* Debug */ = {
			isa = XCBuildConfiguration;
			buildSettings = {
				ASSETCATALOG_COMPILER_APPICON_NAME = AppIcon;
				ASSETCATALOG_COMPILER_GLOBAL_ACCENT_COLOR_NAME = AccentColor;
				CODE_SIGN_STYLE = Automatic;
				DEVELOPMENT_TEAM = TYNC5NT5U5;
				INFOPLIST_FILE = decrypt/Info.plist;
				LD_RUNPATH_SEARCH_PATHS = (
					"$(inherited)",
					"@executable_path/Frameworks",
				);
				PRODUCT_BUNDLE_IDENTIFIER = com.rangel.vigenere.decrypt;
				PRODUCT_NAME = "$(TARGET_NAME)";
				SWIFT_VERSION = 5.0;
				TARGETED_DEVICE_FAMILY = "1,2";
			};
			name = Debug;
		};
		770F65D3251B139A00B94D5D /* Release */ = {
			isa = XCBuildConfiguration;
			buildSettings = {
				ASSETCATALOG_COMPILER_APPICON_NAME = AppIcon;
				ASSETCATALOG_COMPILER_GLOBAL_ACCENT_COLOR_NAME = AccentColor;
				CODE_SIGN_STYLE = Automatic;
				DEVELOPMENT_TEAM = TYNC5NT5U5;
				INFOPLIST_FILE = decrypt/Info.plist;
				LD_RUNPATH_SEARCH_PATHS = (
					"$(inherited)",
					"@executable_path/Frameworks",
				);
				PRODUCT_BUNDLE_IDENTIFIER = com.rangel.vigenere.decrypt;
				PRODUCT_NAME = "$(TARGET_NAME)";
				SWIFT_VERSION = 5.0;
				TARGETED_DEVICE_FAMILY = "1,2";
			};
			name = Release;
		};
/* End XCBuildConfiguration section */

/* Begin XCConfigurationList section */
		770F65B8251B139800B94D5D /* Build configuration list for PBXProject "decrypt" */ = {
			isa = XCConfigurationList;
			buildConfigurations = (
				770F65CF251B139A00B94D5D /* Debug */,
				770F65D0251B139A00B94D5D /* Release */,
			);
			defaultConfigurationIsVisible = 0;
			defaultConfigurationName = Release;
		};
		770F65D1251B139A00B94D5D /* Build configuration list for PBXNativeTarget "decrypt" */ = {
			isa = XCConfigurationList;
			buildConfigurations = (
				770F65D2251B139A00B94D5D /* Debug */,
				770F65D3251B139A00B94D5D /* Release */,
			);
			defaultConfigurationIsVisible = 0;
			defaultConfigurationName = Release;
		};
/* End XCConfigurationList section */
	};
	rootObject = 770F65B5251B139800B94D5D /* Project object */;
}
